
Microsoft Visual Studio Solution File, Format Version 12.00
# Visual Studio Version 16
VisualStudioVersion = 16.0.29728.190
MinimumVisualStudioVersion = 10.0.40219.1
Project("{FAE04EC0-301F-11D3-BF4B-00C04F79EFBC}") = "App", "App\App.csproj", "{E9F49686-6A2E-430B-BD15-BA06AF717E5A}"
EndProject
Project("{FAE04EC0-301F-11D3-BF4B-00C04F79EFBC}") = "Tests", "Tests\Tests.csproj", "{A524AB6C-44A3-4CD7-AEF2-F86F0D0CF14C}"
EndProject
Project("{FAE04EC0-301F-11D3-BF4B-00C04F79EFBC}") = "FilexExplorer", "FilexExplorer\FilexExplorer.csproj", "{B068B2C6-ED25-480C-9DBE-61624D9F35BF}"
EndProject
Project("{FAE04EC0-301F-11D3-BF4B-00C04F79EFBC}") = "GuiElements", "GuiElements\GuiElements.csproj", "{C393818A-13B1-47BC-AB83-35803BAE6566}"
EndProject
Project("{FAE04EC0-301F-11D3-BF4B-00C04F79EFBC}") = "CoreLib", "CoreLib\CoreLib.csproj", "{F9284064-160E-4FD7-A656-58B988AB2F59}"
EndProject
Global
	GlobalSection(SolutionConfigurationPlatforms) = preSolution
		Debug|Any CPU = Debug|Any CPU
		Release|Any CPU = Release|Any CPU
	EndGlobalSection
	GlobalSection(ProjectConfigurationPlatforms) = postSolution
		{E9F49686-6A2E-430B-BD15-BA06AF717E5A}.Debug|Any CPU.ActiveCfg = Debug|Any CPU
		{E9F49686-6A2E-430B-BD15-BA06AF717E5A}.Debug|Any CPU.Build.0 = Debug|Any CPU
		{E9F49686-6A2E-430B-BD15-BA06AF717E5A}.Release|Any CPU.ActiveCfg = Release|Any CPU
		{E9F49686-6A2E-430B-BD15-BA06AF717E5A}.Release|Any CPU.Build.0 = Release|Any CPU
		{A524AB6C-44A3-4CD7-AEF2-F86F0D0CF14C}.Debug|Any CPU.ActiveCfg = Debug|Any CPU
		{A524AB6C-44A3-4CD7-AEF2-F86F0D0CF14C}.Debug|Any CPU.Build.0 = Debug|Any CPU
		{A524AB6C-44A3-4CD7-AEF2-F86F0D0CF14C}.Release|Any CPU.ActiveCfg = Release|Any CPU
		{A524AB6C-44A3-4CD7-AEF2-F86F0D0CF14C}.Release|Any CPU.Build.0 = Release|Any CPU
		{B068B2C6-ED25-480C-9DBE-61624D9F35BF}.Debug|Any CPU.ActiveCfg = Debug|Any CPU
		{B068B2C6-ED25-480C-9DBE-61624D9F35BF}.Debug|Any CPU.Build.0 = Debug|Any CPU
		{B068B2C6-ED25-480C-9DBE-61624D9F35BF}.Release|Any CPU.ActiveCfg = Release|Any CPU
		{B068B2C6-ED25-480C-9DBE-61624D9F35BF}.Release|Any CPU.Build.0 = Release|Any CPU
		{C393818A-13B1-47BC-AB83-35803BAE6566}.Debug|Any CPU.ActiveCfg = Debug|Any CPU
		{C393818A-13B1-47BC-AB83-35803BAE6566}.Debug|Any CPU.Build.0 = Debug|Any CPU
		{C393818A-13B1-47BC-AB83-35803BAE6566}.Release|Any CPU.ActiveCfg = Release|Any CPU
		{C393818A-13B1-47BC-AB83-35803BAE6566}.Release|Any CPU.Build.0 = Release|Any CPU
		{F9284064-160E-4FD7-A656-58B988AB2F59}.Debug|Any CPU.ActiveCfg = Debug|Any CPU
		{F9284064-160E-4FD7-A656-58B988AB2F59}.Debug|Any CPU.Build.0 = Debug|Any CPU
		{F9284064-160E-4FD7-A656-58B988AB2F59}.Release|Any CPU.ActiveCfg = Release|Any CPU
		{F9284064-160E-4FD7-A656-58B988AB2F59}.Release|Any CPU.Build.0 = Release|Any CPU
	EndGlobalSection
	GlobalSection(SolutionProperties) = preSolution
		HideSolutionNode = FALSE
	EndGlobalSection
	GlobalSection(ExtensibilityGlobals) = postSolution
		SolutionGuid = {8C4ED0A2-CE33-4418-B026-C3F39489573D}
	EndGlobalSection
EndGlobal
